
Microsoft Visual Studio Solution File, Format Version 12.00
# Visual Studio Version 17
VisualStudioVersion = 17.0.31903.59
MinimumVisualStudioVersion = 10.0.40219.1
Project("{FAE04EC0-301F-11D3-BF4B-00C04F79EFBC}") = "Zephyrus.Gateway.WebApi", "Zephyrus.Gateway.WebApi\Zephyrus.Gateway.WebApi.csproj", "{076FEDEB-DDC7-4D2A-942C-EDD0431F5D32}"
EndProject
Project("{FAE04EC0-301F-11D3-BF4B-00C04F79EFBC}") = "Zephyrus.Logger", "..\Zephyrus.Logger\Zephyrus.Logger.csproj", "{F35F8730-001D-473A-8441-D09FA5F5C025}"
EndProject
Project("{FAE04EC0-301F-11D3-BF4B-00C04F79EFBC}") = "Zephyrus.SharedKernel", "..\Zephyrus.SharedKernel\Zephyrus.SharedKernel.csproj", "{9F111D33-4A35-4746-8344-5BD2270AF33D}"
EndProject
Global
	GlobalSection(SolutionConfigurationPlatforms) = preSolution
		Debug|Any CPU = Debug|Any CPU
		Debug|x64 = Debug|x64
		Debug|x86 = Debug|x86
		Release|Any CPU = Release|Any CPU
		Release|x64 = Release|x64
		Release|x86 = Release|x86
	EndGlobalSection
	GlobalSection(ProjectConfigurationPlatforms) = postSolution
		{076FEDEB-DDC7-4D2A-942C-EDD0431F5D32}.Debug|Any CPU.ActiveCfg = Debug|Any CPU
		{076FEDEB-DDC7-4D2A-942C-EDD0431F5D32}.Debug|Any CPU.Build.0 = Debug|Any CPU
		{076FEDEB-DDC7-4D2A-942C-EDD0431F5D32}.Debug|x64.ActiveCfg = Debug|Any CPU
		{076FEDEB-DDC7-4D2A-942C-EDD0431F5D32}.Debug|x64.Build.0 = Debug|Any CPU
		{076FEDEB-DDC7-4D2A-942C-EDD0431F5D32}.Debug|x86.ActiveCfg = Debug|Any CPU
		{076FEDEB-DDC7-4D2A-942C-EDD0431F5D32}.Debug|x86.Build.0 = Debug|Any CPU
		{076FEDEB-DDC7-4D2A-942C-EDD0431F5D32}.Release|Any CPU.ActiveCfg = Release|Any CPU
		{076FEDEB-DDC7-4D2A-942C-EDD0431F5D32}.Release|Any CPU.Build.0 = Release|Any CPU
		{076FEDEB-DDC7-4D2A-942C-EDD0431F5D32}.Release|x64.ActiveCfg = Release|Any CPU
		{076FEDEB-DDC7-4D2A-942C-EDD0431F5D32}.Release|x64.Build.0 = Release|Any CPU
		{076FEDEB-DDC7-4D2A-942C-EDD0431F5D32}.Release|x86.ActiveCfg = Release|Any CPU
		{076FEDEB-DDC7-4D2A-942C-EDD0431F5D32}.Release|x86.Build.0 = Release|Any CPU
		{F35F8730-001D-473A-8441-D09FA5F5C025}.Debug|Any CPU.ActiveCfg = Debug|Any CPU
		{F35F8730-001D-473A-8441-D09FA5F5C025}.Debug|Any CPU.Build.0 = Debug|Any CPU
		{F35F8730-001D-473A-8441-D09FA5F5C025}.Debug|x64.ActiveCfg = Debug|Any CPU
		{F35F8730-001D-473A-8441-D09FA5F5C025}.Debug|x64.Build.0 = Debug|Any CPU
		{F35F8730-001D-473A-8441-D09FA5F5C025}.Debug|x86.ActiveCfg = Debug|Any CPU
		{F35F8730-001D-473A-8441-D09FA5F5C025}.Debug|x86.Build.0 = Debug|Any CPU
		{F35F8730-001D-473A-8441-D09FA5F5C025}.Release|Any CPU.ActiveCfg = Release|Any CPU
		{F35F8730-001D-473A-8441-D09FA5F5C025}.Release|Any CPU.Build.0 = Release|Any CPU
		{F35F8730-001D-473A-8441-D09FA5F5C025}.Release|x64.ActiveCfg = Release|Any CPU
		{F35F8730-001D-473A-8441-D09FA5F5C025}.Release|x64.Build.0 = Release|Any CPU
		{F35F8730-001D-473A-8441-D09FA5F5C025}.Release|x86.ActiveCfg = Release|Any CPU
		{F35F8730-001D-473A-8441-D09FA5F5C025}.Release|x86.Build.0 = Release|Any CPU
		{9F111D33-4A35-4746-8344-5BD2270AF33D}.Debug|Any CPU.ActiveCfg = Debug|Any CPU
		{9F111D33-4A35-4746-8344-5BD2270AF33D}.Debug|Any CPU.Build.0 = Debug|Any CPU
		{9F111D33-4A35-4746-8344-5BD2270AF33D}.Debug|x64.ActiveCfg = Debug|Any CPU
		{9F111D33-4A35-4746-8344-5BD2270AF33D}.Debug|x64.Build.0 = Debug|Any CPU
		{9F111D33-4A35-4746-8344-5BD2270AF33D}.Debug|x86.ActiveCfg = Debug|Any CPU
		{9F111D33-4A35-4746-8344-5BD2270AF33D}.Debug|x86.Build.0 = Debug|Any CPU
		{9F111D33-4A35-4746-8344-5BD2270AF33D}.Release|Any CPU.ActiveCfg = Release|Any CPU
		{9F111D33-4A35-4746-8344-5BD2270AF33D}.Release|Any CPU.Build.0 = Release|Any CPU
		{9F111D33-4A35-4746-8344-5BD2270AF33D}.Release|x64.ActiveCfg = Release|Any CPU
		{9F111D33-4A35-4746-8344-5BD2270AF33D}.Release|x64.Build.0 = Release|Any CPU
		{9F111D33-4A35-4746-8344-5BD2270AF33D}.Release|x86.ActiveCfg = Release|Any CPU
		{9F111D33-4A35-4746-8344-5BD2270AF33D}.Release|x86.Build.0 = Release|Any CPU
	EndGlobalSection
	GlobalSection(SolutionProperties) = preSolution
		HideSolutionNode = FALSE
	EndGlobalSection
EndGlobal
